PODS:
  - ATHMultiSelectionSegmentedControl (0.2.2)
  - Nimble (8.0.0)

DEPENDENCIES:
  - ATHMultiSelectionSegmentedControl (from `../`)
  - Nimble

SPEC REPOS:
  https://github.com/cocoapods/specs.git:
    - Nimble

EXTERNAL SOURCES:
  ATHMultiSelectionSegmentedControl:
    :path: "../"

SPEC CHECKSUMS:
  ATHMultiSelectionSegmentedControl: 8afa43fa84b791c4fdda009b91b6ca880f1abef2
  Nimble: a0e6f95b4b91a4f66b6da3512b6bebc07c9cbf49

PODFILE CHECKSUM: 0f726248125018a5fd94c733c65f88c765b5fa80

COCOAPODS: 1.5.3
